
Microsoft Visual Studio Solution File, Format Version 12.00
# Visual Studio Version 17
VisualStudioVersion = 17.8.34525.116
MinimumVisualStudioVersion = 10.0.40219.1
Project("{FAE04EC0-301F-11D3-BF4B-00C04F79EFBC}") = "ServerMonitoringService", "ServerMonitoringService\ServerMonitoringService.csproj", "{65663BF8-92C0-465C-9582-648F58D57624}"
EndProject
Global
	GlobalSection(SolutionConfigurationPlatforms) = preSolution
		Debug|Any CPU = Debug|Any CPU
		Release|Any CPU = Release|Any CPU
	EndGlobalSection
	GlobalSection(ProjectConfigurationPlatforms) = postSolution
		{65663BF8-92C0-465C-9582-648F58D57624}.Debug|Any CPU.ActiveCfg = Debug|Any CPU
		{65663BF8-92C0-465C-9582-648F58D57624}.Debug|Any CPU.Build.0 = Debug|Any CPU
		{65663BF8-92C0-465C-9582-648F58D57624}.Release|Any CPU.ActiveCfg = Release|Any CPU
		{65663BF8-92C0-465C-9582-648F58D57624}.Release|Any CPU.Build.0 = Release|Any CPU
	EndGlobalSection
	GlobalSection(SolutionProperties) = preSolution
		HideSolutionNode = FALSE
	EndGlobalSection
	GlobalSection(ExtensibilityGlobals) = postSolution
		SolutionGuid = {A7BA0785-65F2-488A-AE54-21622A49A441}
	EndGlobalSection
EndGlobal
